
Microsoft Visual Studio Solution File, Format Version 12.00
# Visual Studio 15
VisualStudioVersion = 15.0.28307.572
MinimumVisualStudioVersion = 10.0.40219.1
Project("{9A19103F-16F7-4668-BE54-9A1E7A4F7556}") = "AsyncExercises_Core", "AsyncExercises_Core\AsyncExercises_Core.csproj", "{E4EC26F3-F830-4225-B2D3-BD64139F3217}"
EndProject
Project("{FAE04EC0-301F-11D3-BF4B-00C04F79EFBC}") = "AsyncExercises_Framework", "AsyncExercises_Framework\AsyncExercises_Framework.csproj", "{9A359A5F-452C-4014-8D85-24DFD08F8CF6}"
EndProject
Project("{2150E333-8FDC-42A3-9474-1A3956D46DE8}") = "Solution Items", "Solution Items", "{CC683C7B-5068-432A-AA56-96B9257E9F18}"
	ProjectSection(SolutionItems) = preProject
		.gitignore = .gitignore
		README.md = README.md
	EndProjectSection
EndProject
Global
	GlobalSection(SolutionConfigurationPlatforms) = preSolution
		Debug|Any CPU = Debug|Any CPU
		Release|Any CPU = Release|Any CPU
	EndGlobalSection
	GlobalSection(ProjectConfigurationPlatforms) = postSolution
		{E4EC26F3-F830-4225-B2D3-BD64139F3217}.Debug|Any CPU.ActiveCfg = Debug|Any CPU
		{E4EC26F3-F830-4225-B2D3-BD64139F3217}.Debug|Any CPU.Build.0 = Debug|Any CPU
		{E4EC26F3-F830-4225-B2D3-BD64139F3217}.Release|Any CPU.ActiveCfg = Release|Any CPU
		{E4EC26F3-F830-4225-B2D3-BD64139F3217}.Release|Any CPU.Build.0 = Release|Any CPU
		{9A359A5F-452C-4014-8D85-24DFD08F8CF6}.Debug|Any CPU.ActiveCfg = Debug|Any CPU
		{9A359A5F-452C-4014-8D85-24DFD08F8CF6}.Debug|Any CPU.Build.0 = Debug|Any CPU
		{9A359A5F-452C-4014-8D85-24DFD08F8CF6}.Release|Any CPU.ActiveCfg = Release|Any CPU
		{9A359A5F-452C-4014-8D85-24DFD08F8CF6}.Release|Any CPU.Build.0 = Release|Any CPU
	EndGlobalSection
	GlobalSection(SolutionProperties) = preSolution
		HideSolutionNode = FALSE
	EndGlobalSection
	GlobalSection(ExtensibilityGlobals) = postSolution
		SolutionGuid = {68CC03D0-C71E-4C94-A897-7842F422889E}
	EndGlobalSection
EndGlobal
